// !$*UTF8*$!
{
	archiveVersion = 1;
	classes = {
	};
	objectVersion = 46;
	objects = {

/* Begin PBXBuildFile section */
		9B3517EE197488170038C1B6 /* AppDelegate.swift in Sources */ = {isa = PBXBuildFile; fileRef = 9B3517ED197488170038C1B6 /* AppDelegate.swift */; };
		9B3517F1197488170038C1B6 /* MMHS_Adventure.xcdatamodeld in Sources */ = {isa = PBXBuildFile; fileRef = 9B3517EF197488170038C1B6 /* MMHS_Adventure.xcdatamodeld */; };
		9B3517F3197488170038C1B6 /* ViewController.swift in Sources */ = {isa = PBXBuildFile; fileRef = 9B3517F2197488170038C1B6 /* ViewController.swift */; };
		9B3517F6197488170038C1B6 /* Main.storyboard in Resources */ = {isa = PBXBuildFile; fileRef = 9B3517F4197488170038C1B6 /* Main.storyboard */; };
		9B3517F8197488170038C1B6 /* Images.xcassets in Resources */ = {isa = PBXBuildFile; fileRef = 9B3517F7197488170038C1B6 /* Images.xcassets */; };
		9B351804197488170038C1B6 /* MMHS_AdventureTests.swift in Sources */ = {isa = PBXBuildFile; fileRef = 9B351803197488170038C1B6 /* MMHS_AdventureTests.swift */; };
		9BF8A4361975D02800C60CF1 /* SecondViewController.swift in Sources */ = {isa = PBXBuildFile; fileRef = 9BF8A4351975D02800C60CF1 /* SecondViewController.swift */; };
		9BF8A4381975D04600C60CF1 /* ThirdViewController.swift in Sources */ = {isa = PBXBuildFile; fileRef = 9BF8A4371975D04600C60CF1 /* ThirdViewController.swift */; };
		9BF8A43A1975D89800C60CF1 /* EndingOneViewController.swift in Sources */ = {isa = PBXBuildFile; fileRef = 9BF8A4391975D89800C60CF1 /* EndingOneViewController.swift */; };
		9BF8A43C1975D8A800C60CF1 /* EndingTwoViewController.swift in Sources */ = {isa = PBXBuildFile; fileRef = 9BF8A43B1975D8A800C60CF1 /* EndingTwoViewController.swift */; };
		9BF8A43E1975D8B900C60CF1 /* EndingThreeViewController.swift in Sources */ = {isa = PBXBuildFile; fileRef = 9BF8A43D1975D8B900C60CF1 /* EndingThreeViewController.swift */; };
		9BF8A4401975D8C700C60CF1 /* EndingFourViewController.swift in Sources */ = {isa = PBXBuildFile; fileRef = 9BF8A43F1975D8C700C60CF1 /* EndingFourViewController.swift */; };
/* End PBXBuildFile section */

/* Begin PBXContainerItemProxy section */
		9B3517FE197488170038C1B6 /* PBXContainerItemProxy */ = {
			isa = PBXContainerItemProxy;
			containerPortal = 9B3517E0197488170038C1B6 /* Project object */;
			proxyType = 1;
			remoteGlobalIDString = 9B3517E7197488170038C1B6;
			remoteInfo = MMHS_Adventure;
		};
/* End PBXContainerItemProxy section */

/* Begin PBXFileReference section */
		9B3517E8197488170038C1B6 /* MMHS_Adventure.app */ = {isa = PBXFileReference; explicitFileType = wrapper.application; includeInIndex = 0; path = MMHS_Adventure.app; sourceTree = BUILT_PRODUCTS_DIR; };
		9B3517EC197488170038C1B6 /* Info.plist */ = {isa = PBXFileReference; lastKnownFileType = text.plist.xml; path = Info.plist; sourceTree = "<group>"; };
		9B3517ED197488170038C1B6 /* AppDelegate.swift */ = {isa = PBXFileReference; lastKnownFileType = sourcecode.swift; path = AppDelegate.swift; sourceTree = "<group>"; };
		9B3517F0197488170038C1B6 /* MMHS_Adventure.xcdatamodel */ = {isa = PBXFileReference; lastKnownFileType = wrapper.xcdatamodel; path = MMHS_Adventure.xcdatamodel; sourceTree = "<group>"; };
		9B3517F2197488170038C1B6 /* ViewController.swift */ = {isa = PBXFileReference; lastKnownFileType = sourcecode.swift; path = ViewController.swift; sourceTree = "<group>"; };
		9B3517F5197488170038C1B6 /* Base */ = {isa = PBXFileReference; lastKnownFileType = file.storyboard; name = Base; path = Base.lproj/Main.storyboard; sourceTree = "<group>"; };
		9B3517F7197488170038C1B6 /* Images.xcassets */ = {isa = PBXFileReference; lastKnownFileType = folder.assetcatalog; path = Images.xcassets; sourceTree = "<group>"; };
		9B3517FD197488170038C1B6 /* MMHS_AdventureTests.xctest */ = {isa = PBXFileReference; explicitFileType = wrapper.cfbundle; includeInIndex = 0; path = MMHS_AdventureTests.xctest; sourceTree = BUILT_PRODUCTS_DIR; };
		9B351802197488170038C1B6 /* Info.plist */ = {isa = PBXFileReference; lastKnownFileType = text.plist.xml; path = Info.plist; sourceTree = "<group>"; };
		9B351803197488170038C1B6 /* MMHS_AdventureTests.swift */ = {isa = PBXFileReference; lastKnownFileType = sourcecode.swift; path = MMHS_AdventureTests.swift; sourceTree = "<group>"; };
		9BF8A4351975D02800C60CF1 /* SecondViewController.swift */ = {isa = PBXFileReference; fileEncoding = 4; lastKnownFileType = sourcecode.swift; name = SecondViewController.swift; path = ../SecondViewController.swift; sourceTree = "<group>"; };
		9BF8A4371975D04600C60CF1 /* ThirdViewController.swift */ = {isa = PBXFileReference; fileEncoding = 4; lastKnownFileType = sourcecode.swift; name = ThirdViewController.swift; path = ../ThirdViewController.swift; sourceTree = "<group>"; };
		9BF8A4391975D89800C60CF1 /* EndingOneViewController.swift */ = {isa = PBXFileReference; fileEncoding = 4; lastKnownFileType = sourcecode.swift; name = EndingOneViewController.swift; path = ../EndingOneViewController.swift; sourceTree = "<group>"; };
		9BF8A43B1975D8A800C60CF1 /* EndingTwoViewController.swift */ = {isa = PBXFileReference; fileEncoding = 4; lastKnownFileType = sourcecode.swift; name = EndingTwoViewController.swift; path = ../EndingTwoViewController.swift; sourceTree = "<group>"; };
		9BF8A43D1975D8B900C60CF1 /* EndingThreeViewController.swift */ = {isa = PBXFileReference; fileEncoding = 4; lastKnownFileType = sourcecode.swift; name = EndingThreeViewController.swift; path = ../EndingThreeViewController.swift; sourceTree = "<group>"; };
		9BF8A43F1975D8C700C60CF1 /* EndingFourViewController.swift */ = {isa = PBXFileReference; fileEncoding = 4; lastKnownFileType = sourcecode.swift; name = EndingFourViewController.swift; path = ../EndingFourViewController.swift; sourceTree = "<group>"; };
/* End PBXFileReference section */

/* Begin PBXFrameworksBuildPhase section */
		9B3517E5197488170038C1B6 /* Frameworks */ = {
			isa = PBXFrameworksBuildPhase;
			buildActionMask = 2147483647;
			files = (
			);
			runOnlyForDeploymentPostprocessing = 0;
		};
		9B3517FA197488170038C1B6 /* Frameworks */ = {
			isa = PBXFrameworksBuildPhase;
			buildActionMask = 2147483647;
			files = (
			);
			runOnlyForDeploymentPostprocessing = 0;
		};
/* End PBXFrameworksBuildPhase section */

/* Begin PBXGroup section */
		9B3517DF197488170038C1B6 = {
			isa = PBXGroup;
			children = (
				9B3517EA197488170038C1B6 /* MMHS_Adventure */,
				9B351800197488170038C1B6 /* MMHS_AdventureTests */,
				9B3517E9197488170038C1B6 /* Products */,
			);
			sourceTree = "<group>";
		};
		9B3517E9197488170038C1B6 /* Products */ = {
			isa = PBXGroup;
			children = (
				9B3517E8197488170038C1B6 /* MMHS_Adventure.app */,
				9B3517FD197488170038C1B6 /* MMHS_AdventureTests.xctest */,
			);
			name = Products;
			sourceTree = "<group>";
		};
		9B3517EA197488170038C1B6 /* MMHS_Adventure */ = {
			isa = PBXGroup;
			children = (
				9B3517ED197488170038C1B6 /* AppDelegate.swift */,
				9B3517F2197488170038C1B6 /* ViewController.swift */,
				9BF8A4351975D02800C60CF1 /* SecondViewController.swift */,
				9BF8A4371975D04600C60CF1 /* ThirdViewController.swift */,
				9BF8A4391975D89800C60CF1 /* EndingOneViewController.swift */,
				9BF8A43B1975D8A800C60CF1 /* EndingTwoViewController.swift */,
				9BF8A43D1975D8B900C60CF1 /* EndingThreeViewController.swift */,
				9BF8A43F1975D8C700C60CF1 /* EndingFourViewController.swift */,
				9B3517F4197488170038C1B6 /* Main.storyboard */,
				9B3517F7197488170038C1B6 /* Images.xcassets */,
				9B3517EF197488170038C1B6 /* MMHS_Adventure.xcdatamodeld */,
				9B3517EB197488170038C1B6 /* Supporting Files */,
			);
			path = MMHS_Adventure;
			sourceTree = "<group>";
		};
		9B3517EB197488170038C1B6 /* Supporting Files */ = {
			isa = PBXGroup;
			children = (
				9B3517EC197488170038C1B6 /* Info.plist */,
			);
			name = "Supporting Files";
			sourceTree = "<group>";
		};
		9B351800197488170038C1B6 /* MMHS_AdventureTests */ = {
			isa = PBXGroup;
			children = (
				9B351803197488170038C1B6 /* MMHS_AdventureTests.swift */,
				9B351801197488170038C1B6 /* Supporting Files */,
			);
			path = MMHS_AdventureTests;
			sourceTree = "<group>";
		};
		9B351801197488170038C1B6 /* Supporting Files */ = {
			isa = PBXGroup;
			children = (
				9B351802197488170038C1B6 /* Info.plist */,
			);
			name = "Supporting Files";
			sourceTree = "<group>";
		};
/* End PBXGroup section */

/* Begin PBXNativeTarget section */
		9B3517E7197488170038C1B6 /* MMHS_Adventure */ = {
			isa = PBXNativeTarget;
			buildConfigurationList = 9B351807197488170038C1B6 /* Build configuration list for PBXNativeTarget "MMHS_Adventure" */;
			buildPhases = (
				9B3517E4197488170038C1B6 /* Sources */,
				9B3517E5197488170038C1B6 /* Frameworks */,
				9B3517E6197488170038C1B6 /* Resources */,
			);
			buildRules = (
			);
			dependencies = (
			);
			name = MMHS_Adventure;
			productName = MMHS_Adventure;
			productReference = 9B3517E8197488170038C1B6 /* MMHS_Adventure.app */;
			productType = "com.apple.product-type.application";
		};
		9B3517FC197488170038C1B6 /* MMHS_AdventureTests */ = {
			isa = PBXNativeTarget;
			buildConfigurationList = 9B35180A197488170038C1B6 /* Build configuration list for PBXNativeTarget "MMHS_AdventureTests" */;
			buildPhases = (
				9B3517F9197488170038C1B6 /* Sources */,
				9B3517FA197488170038C1B6 /* Frameworks */,
				9B3517FB197488170038C1B6 /* Resources */,
			);
			buildRules = (
			);
			dependencies = (
				9B3517FF197488170038C1B6 /* PBXTargetDependency */,
			);
			name = MMHS_AdventureTests;
			productName = MMHS_AdventureTests;
			productReference = 9B3517FD197488170038C1B6 /* MMHS_AdventureTests.xctest */;
			productType = "com.apple.product-type.bundle.unit-test";
		};
/* End PBXNativeTarget section */

/* Begin PBXProject section */
		9B3517E0197488170038C1B6 /* Project object */ = {
			isa = PBXProject;
			attributes = {
				LastUpgradeCheck = 0600;
				ORGANIZATIONNAME = "Mobile Makers";
				TargetAttributes = {
					9B3517E7197488170038C1B6 = {
						CreatedOnToolsVersion = 6.0;
					};
					9B3517FC197488170038C1B6 = {
						CreatedOnToolsVersion = 6.0;
						TestTargetID = 9B3517E7197488170038C1B6;
					};
				};
			};
			buildConfigurationList = 9B3517E3197488170038C1B6 /* Build configuration list for PBXProject "MMHS_Adventure" */;
			compatibilityVersion = "Xcode 3.2";
			developmentRegion = English;
			hasScannedForEncodings = 0;
			knownRegions = (
				en,
				Base,
			);
			mainGroup = 9B3517DF197488170038C1B6;
			productRefGroup = 9B3517E9197488170038C1B6 /* Products */;
			projectDirPath = "";
			projectRoot = "";
			targets = (
				9B3517E7197488170038C1B6 /* MMHS_Adventure */,
				9B3517FC197488170038C1B6 /* MMHS_AdventureTests */,
			);
		};
/* End PBXProject section */

/* Begin PBXResourcesBuildPhase section */
		9B3517E6197488170038C1B6 /* Resources */ = {
			isa = PBXResourcesBuildPhase;
			buildActionMask = 2147483647;
			files = (
				9B3517F6197488170038C1B6 /* Main.storyboard in Resources */,
				9B3517F8197488170038C1B6 /* Images.xcassets in Resources */,
			);
			runOnlyForDeploymentPostprocessing = 0;
		};
		9B3517FB197488170038C1B6 /* Resources */ = {
			isa = PBXResourcesBuildPhase;
			buildActionMask = 2147483647;
			files = (
			);
			runOnlyForDeploymentPostprocessing = 0;
		};
/* End PBXResourcesBuildPhase section */

/* Begin PBXSourcesBuildPhase section */
		9B3517E4197488170038C1B6 /* Sources */ = {
			isa = PBXSourcesBuildPhase;
			buildActionMask = 2147483647;
			files = (
				9BF8A4361975D02800C60CF1 /* SecondViewController.swift in Sources */,
				9B3517F3197488170038C1B6 /* ViewController.swift in Sources */,
				9BF8A43A1975D89800C60CF1 /* EndingOneViewController.swift in Sources */,
				9BF8A4381975D04600C60CF1 /* ThirdViewController.swift in Sources */,
				9BF8A4401975D8C700C60CF1 /* EndingFourViewController.swift in Sources */,
				9B3517EE197488170038C1B6 /* AppDelegate.swift in Sources */,
				9B3517F1197488170038C1B6 /* MMHS_Adventure.xcdatamodeld in Sources */,
				9BF8A43E1975D8B900C60CF1 /* EndingThreeViewController.swift in Sources */,
				9BF8A43C1975D8A800C60CF1 /* EndingTwoViewController.swift in Sources */,
			);
			runOnlyForDeploymentPostprocessing = 0;
		};
		9B3517F9197488170038C1B6 /* Sources */ = {
			isa = PBXSourcesBuildPhase;
			buildActionMask = 2147483647;
			files = (
				9B351804197488170038C1B6 /* MMHS_AdventureTests.swift in Sources */,
			);
			runOnlyForDeploymentPostprocessing = 0;
		};
/* End PBXSourcesBuildPhase section */

/* Begin PBXTargetDependency section */
		9B3517FF197488170038C1B6 /* PBXTargetDependency */ = {
			isa = PBXTargetDependency;
			target = 9B3517E7197488170038C1B6 /* MMHS_Adventure */;
			targetProxy = 9B3517FE197488170038C1B6 /* PBXContainerItemProxy */;
		};
/* End PBXTargetDependency section */

/* Begin PBXVariantGroup section */
		9B3517F4197488170038C1B6 /* Main.storyboard */ = {
			isa = PBXVariantGroup;
			children = (
				9B3517F5197488170038C1B6 /* Base */,
			);
			name = Main.storyboard;
			sourceTree = "<group>";
		};
/* End PBXVariantGroup section */

/* Begin XCBuildConfiguration section */
		9B351805197488170038C1B6 /* Debug */ = {
			isa = XCBuildConfiguration;
			buildSettings = {
				ALWAYS_SEARCH_USER_PATHS = NO;
				CLANG_CXX_LANGUAGE_STANDARD = "gnu++0x";
				CLANG_CXX_LIBRARY = "libc++";
				CLANG_ENABLE_MODULES = YES;
				CLANG_ENABLE_OBJC_ARC = YES;
				CLANG_WARN_BOOL_CONVERSION = YES;
				CLANG_WARN_CONSTANT_CONVERSION = YES;
				CLANG_WARN_DIRECT_OBJC_ISA_USAGE = YES_ERROR;
				CLANG_WARN_EMPTY_BODY = YES;
				CLANG_WARN_ENUM_CONVERSION = YES;
				CLANG_WARN_INT_CONVERSION = YES;
				CLANG_WARN_OBJC_ROOT_CLASS = YES_ERROR;
				CLANG_WARN_UNREACHABLE_CODE = YES;
				CLANG_WARN__DUPLICATE_METHOD_MATCH = YES;
				"CODE_SIGN_IDENTITY[sdk=iphoneos*]" = "iPhone Developer";
				COPY_PHASE_STRIP = NO;
				ENABLE_STRICT_OBJC_MSGSEND = YES;
				GCC_C_LANGUAGE_STANDARD = gnu99;
				GCC_DYNAMIC_NO_PIC = NO;
				GCC_OPTIMIZATION_LEVEL = 0;
				GCC_PREPROCESSOR_DEFINITIONS = (
					"DEBUG=1",
					"$(inherited)",
				);
				GCC_SYMBOLS_PRIVATE_EXTERN = NO;
				GCC_WARN_64_TO_32_BIT_CONVERSION = YES;
				GCC_WARN_ABOUT_RETURN_TYPE = YES_ERROR;
				GCC_WARN_UNDECLARED_SELECTOR = YES;
				GCC_WARN_UNINITIALIZED_AUTOS = YES_AGGRESSIVE;
				GCC_WARN_UNUSED_FUNCTION = YES;
				GCC_WARN_UNUSED_VARIABLE = YES;
				IPHONEOS_DEPLOYMENT_TARGET = 8.0;
				MTL_ENABLE_DEBUG_INFO = YES;
				ONLY_ACTIVE_ARCH = YES;
				SDKROOT = iphoneos;
				SWIFT_OPTIMIZATION_LEVEL = "-Onone";
				TARGETED_DEVICE_FAMILY = "1,2";
			};
			name = Debug;
		};
		9B351806197488170038C1B6 /* Release */ = {
			isa = XCBuildConfiguration;
			buildSettings = {
				ALWAYS_SEARCH_USER_PATHS = NO;
				CLANG_CXX_LANGUAGE_STANDARD = "gnu++0x";
				CLANG_CXX_LIBRARY = "libc++";
				CLANG_ENABLE_MODULES = YES;
				CLANG_ENABLE_OBJC_ARC = YES;
				CLANG_WARN_BOOL_CONVERSION = YES;
				CLANG_WARN_CONSTANT_CONVERSION = YES;
				CLANG_WARN_DIRECT_OBJC_ISA_USAGE = YES_ERROR;
				CLANG_WARN_EMPTY_BODY = YES;
				CLANG_WARN_ENUM_CONVERSION = YES;
				CLANG_WARN_INT_CONVERSION = YES;
				CLANG_WARN_OBJC_ROOT_CLASS = YES_ERROR;
				CLANG_WARN_UNREACHABLE_CODE = YES;
				CLANG_WARN__DUPLICATE_METHOD_MATCH = YES;
				"CODE_SIGN_IDENTITY[sdk=iphoneos*]" = "iPhone Developer";
				COPY_PHASE_STRIP = YES;
				ENABLE_NS_ASSERTIONS = NO;
				ENABLE_STRICT_OBJC_MSGSEND = YES;
				GCC_C_LANGUAGE_STANDARD = gnu99;
				GCC_WARN_64_TO_32_BIT_CONVERSION = YES;
				GCC_WARN_ABOUT_RETURN_TYPE = YES_ERROR;
				GCC_WARN_UNDECLARED_SELECTOR = YES;
				GCC_WARN_UNINITIALIZED_AUTOS = YES_AGGRESSIVE;
				GCC_WARN_UNUSED_FUNCTION = YES;
				GCC_WARN_UNUSED_VARIABLE = YES;
				IPHONEOS_DEPLOYMENT_TARGET = 8.0;
				MTL_ENABLE_DEBUG_INFO = NO;
				SDKROOT = iphoneos;
				TARGETED_DEVICE_FAMILY = "1,2";
				VALIDATE_PRODUCT = YES;
			};
			name = Release;
		};
		9B351808197488170038C1B6 /* Debug */ = {
			isa = XCBuildConfiguration;
			buildSettings = {
				ASSETCATALOG_COMPILER_APPICON_NAME = AppIcon;
				ASSETCATALOG_COMPILER_LAUNCHIMAGE_NAME = LaunchImage;
				INFOPLIST_FILE = MMHS_Adventure/Info.plist;
				LD_RUNPATH_SEARCH_PATHS = "$(inherited) @executable_path/Frameworks";
				PRODUCT_NAME = "$(TARGET_NAME)";
			};
			name = Debug;
		};
		9B351809197488170038C1B6 /* Release */ = {
			isa = XCBuildConfiguration;
			buildSettings = {
				ASSETCATALOG_COMPILER_APPICON_NAME = AppIcon;
				ASSETCATALOG_COMPILER_LAUNCHIMAGE_NAME = LaunchImage;
				INFOPLIST_FILE = MMHS_Adventure/Info.plist;
				LD_RUNPATH_SEARCH_PATHS = "$(inherited) @executable_path/Frameworks";
				PRODUCT_NAME = "$(TARGET_NAME)";
			};
			name = Release;
		};
		9B35180B197488170038C1B6 /* Debug */ = {
			isa = XCBuildConfiguration;
			buildSettings = {
				BUNDLE_LOADER = "$(BUILT_PRODUCTS_DIR)/MMHS_Adventure.app/MMHS_Adventure";
				FRAMEWORK_SEARCH_PATHS = (
					"$(SDKROOT)/Developer/Library/Frameworks",
					"$(inherited)",
				);
				GCC_PREPROCESSOR_DEFINITIONS = (
					"DEBUG=1",
					"$(inherited)",
				);
				INFOPLIST_FILE = MMHS_AdventureTests/Info.plist;
				LD_RUNPATH_SEARCH_PATHS = "$(inherited) @executable_path/Frameworks @loader_path/Frameworks";
				PRODUCT_NAME = "$(TARGET_NAME)";
				TEST_HOST = "$(BUNDLE_LOADER)";
			};
			name = Debug;
		};
		9B35180C197488170038C1B6 /* Release */ = {
			isa = XCBuildConfiguration;
			buildSettings = {
				BUNDLE_LOADER = "$(BUILT_PRODUCTS_DIR)/MMHS_Adventure.app/MMHS_Adventure";
				FRAMEWORK_SEARCH_PATHS = (
					"$(SDKROOT)/Developer/Library/Frameworks",
					"$(inherited)",
				);
				INFOPLIST_FILE = MMHS_AdventureTests/Info.plist;
				LD_RUNPATH_SEARCH_PATHS = "$(inherited) @executable_path/Frameworks @loader_path/Frameworks";
				PRODUCT_NAME = "$(TARGET_NAME)";
				TEST_HOST = "$(BUNDLE_LOADER)";
			};
			name = Release;
		};
/* End XCBuildConfiguration section */

/* Begin XCConfigurationList section */
		9B3517E3197488170038C1B6 /* Build configuration list for PBXProject "MMHS_Adventure" */ = {
			isa = XCConfigurationList;
			buildConfigurations = (
				9B351805197488170038C1B6 /* Debug */,
				9B351806197488170038C1B6 /* Release */,
			);
			defaultConfigurationIsVisible = 0;
			defaultConfigurationName = Release;
		};
		9B351807197488170038C1B6 /* Build configuration list for PBXNativeTarget "MMHS_Adventure" */ = {
			isa = XCConfigurationList;
			buildConfigurations = (
				9B351808197488170038C1B6 /* Debug */,
				9B351809197488170038C1B6 /* Release */,
			);
			defaultConfigurationIsVisible = 0;
			defaultConfigurationName = Release;
		};
		9B35180A197488170038C1B6 /* Build configuration list for PBXNativeTarget "MMHS_AdventureTests" */ = {
			isa = XCConfigurationList;
			buildConfigurations = (
				9B35180B197488170038C1B6 /* Debug */,
				9B35180C197488170038C1B6 /* Release */,
			);
			defaultConfigurationIsVisible = 0;
			defaultConfigurationName = Release;
		};
/* End XCConfigurationList section */

/* Begin XCVersionGroup section */
		9B3517EF197488170038C1B6 /* MMHS_Adventure.xcdatamodeld */ = {
			isa = XCVersionGroup;
			children = (
				9B3517F0197488170038C1B6 /* MMHS_Adventure.xcdatamodel */,
			);
			currentVersion = 9B3517F0197488170038C1B6 /* MMHS_Adventure.xcdatamodel */;
			path = MMHS_Adventure.xcdatamodeld;
			sourceTree = "<group>";
			versionGroupType = wrapper.xcdatamodel;
		};
/* End XCVersionGroup section */
	};
	rootObject = 9B3517E0197488170038C1B6 /* Project object */;
}
